
Microsoft Visual Studio Solution File, Format Version 12.00
# Visual Studio 15
VisualStudioVersion = 15.0.27004.2010
MinimumVisualStudioVersion = 10.0.40219.1
Project("{FAE04EC0-301F-11D3-BF4B-00C04F79EFBC}") = "EmpoyerTestApplication", "EmpoyerTestApplication\EmpoyerTestApplication.csproj", "{606E53A7-67B0-4A9D-9005-38424464A643}"
EndProject
Project("{2150E333-8FDC-42A3-9474-1A3956D46DE8}") = "Data.Layer", "Data.Layer", "{6C847BE3-60C8-45FC-A363-E8B4831C41A4}"
EndProject
Project("{FAE04EC0-301F-11D3-BF4B-00C04F79EFBC}") = "Repository", "Repository\Repository.csproj", "{CAA643CD-52D1-47AE-AE4E-F9446719D9D4}"
EndProject
Project("{FAE04EC0-301F-11D3-BF4B-00C04F79EFBC}") = "Entities", "Entities\Entities.csproj", "{1B42AAF4-9A73-4D13-B2DC-5C04B8FEABF2}"
EndProject
Project("{FAE04EC0-301F-11D3-BF4B-00C04F79EFBC}") = "HttpRequester", "HttpRequester\HttpRequester.csproj", "{6F29A777-68E0-4A1C-BA27-DEB5D5707A30}"
EndProject
Project("{2150E333-8FDC-42A3-9474-1A3956D46DE8}") = "Bussiness.Layer", "Bussiness.Layer", "{37F40B92-5E5C-469B-B67B-BC052D7F084A}"
EndProject
Project("{FAE04EC0-301F-11D3-BF4B-00C04F79EFBC}") = "Dtos", "Dtos\Dtos.csproj", "{9A34B8B9-89B7-4DCB-8814-2D0731128650}"
EndProject
Project("{FAE04EC0-301F-11D3-BF4B-00C04F79EFBC}") = "Services", "Services\Services.csproj", "{BD992095-3979-487C-B4E3-A97A264092FB}"
EndProject
Project("{2150E333-8FDC-42A3-9474-1A3956D46DE8}") = "Shared", "Shared", "{614AD753-1D19-4DE1-8AE5-3ED63958402C}"
EndProject
Project("{FAE04EC0-301F-11D3-BF4B-00C04F79EFBC}") = "Common", "Common\Common.csproj", "{9B335F98-8CA2-4E4C-AE89-63E63DE6074E}"
EndProject
Project("{FAE04EC0-301F-11D3-BF4B-00C04F79EFBC}") = "ServicesTest", "ServicesTest\ServicesTest.csproj", "{7A3B3648-30A3-4ACD-A83E-6354FA00EE76}"
EndProject
Project("{FAE04EC0-301F-11D3-BF4B-00C04F79EFBC}") = "RepositoryTest", "RepositoryTest\RepositoryTest.csproj", "{F3066725-02EB-46BA-9FC1-AECF5CA38379}"
EndProject
Global
	GlobalSection(SolutionConfigurationPlatforms) = preSolution
		Debug|Any CPU = Debug|Any CPU
		Release|Any CPU = Release|Any CPU
	EndGlobalSection
	GlobalSection(ProjectConfigurationPlatforms) = postSolution
		{606E53A7-67B0-4A9D-9005-38424464A643}.Debug|Any CPU.ActiveCfg = Debug|Any CPU
		{606E53A7-67B0-4A9D-9005-38424464A643}.Debug|Any CPU.Build.0 = Debug|Any CPU
		{606E53A7-67B0-4A9D-9005-38424464A643}.Release|Any CPU.ActiveCfg = Release|Any CPU
		{606E53A7-67B0-4A9D-9005-38424464A643}.Release|Any CPU.Build.0 = Release|Any CPU
		{CAA643CD-52D1-47AE-AE4E-F9446719D9D4}.Debug|Any CPU.ActiveCfg = Debug|Any CPU
		{CAA643CD-52D1-47AE-AE4E-F9446719D9D4}.Debug|Any CPU.Build.0 = Debug|Any CPU
		{CAA643CD-52D1-47AE-AE4E-F9446719D9D4}.Release|Any CPU.ActiveCfg = Release|Any CPU
		{CAA643CD-52D1-47AE-AE4E-F9446719D9D4}.Release|Any CPU.Build.0 = Release|Any CPU
		{1B42AAF4-9A73-4D13-B2DC-5C04B8FEABF2}.Debug|Any CPU.ActiveCfg = Debug|Any CPU
		{1B42AAF4-9A73-4D13-B2DC-5C04B8FEABF2}.Debug|Any CPU.Build.0 = Debug|Any CPU
		{1B42AAF4-9A73-4D13-B2DC-5C04B8FEABF2}.Release|Any CPU.ActiveCfg = Release|Any CPU
		{1B42AAF4-9A73-4D13-B2DC-5C04B8FEABF2}.Release|Any CPU.Build.0 = Release|Any CPU
		{6F29A777-68E0-4A1C-BA27-DEB5D5707A30}.Debug|Any CPU.ActiveCfg = Debug|Any CPU
		{6F29A777-68E0-4A1C-BA27-DEB5D5707A30}.Debug|Any CPU.Build.0 = Debug|Any CPU
		{6F29A777-68E0-4A1C-BA27-DEB5D5707A30}.Release|Any CPU.ActiveCfg = Release|Any CPU
		{6F29A777-68E0-4A1C-BA27-DEB5D5707A30}.Release|Any CPU.Build.0 = Release|Any CPU
		{9A34B8B9-89B7-4DCB-8814-2D0731128650}.Debug|Any CPU.ActiveCfg = Debug|Any CPU
		{9A34B8B9-89B7-4DCB-8814-2D0731128650}.Debug|Any CPU.Build.0 = Debug|Any CPU
		{9A34B8B9-89B7-4DCB-8814-2D0731128650}.Release|Any CPU.ActiveCfg = Release|Any CPU
		{9A34B8B9-89B7-4DCB-8814-2D0731128650}.Release|Any CPU.Build.0 = Release|Any CPU
		{BD992095-3979-487C-B4E3-A97A264092FB}.Debug|Any CPU.ActiveCfg = Debug|Any CPU
		{BD992095-3979-487C-B4E3-A97A264092FB}.Debug|Any CPU.Build.0 = Debug|Any CPU
		{BD992095-3979-487C-B4E3-A97A264092FB}.Release|Any CPU.ActiveCfg = Release|Any CPU
		{BD992095-3979-487C-B4E3-A97A264092FB}.Release|Any CPU.Build.0 = Release|Any CPU
		{9B335F98-8CA2-4E4C-AE89-63E63DE6074E}.Debug|Any CPU.ActiveCfg = Debug|Any CPU
		{9B335F98-8CA2-4E4C-AE89-63E63DE6074E}.Debug|Any CPU.Build.0 = Debug|Any CPU
		{9B335F98-8CA2-4E4C-AE89-63E63DE6074E}.Release|Any CPU.ActiveCfg = Release|Any CPU
		{9B335F98-8CA2-4E4C-AE89-63E63DE6074E}.Release|Any CPU.Build.0 = Release|Any CPU
		{7A3B3648-30A3-4ACD-A83E-6354FA00EE76}.Debug|Any CPU.ActiveCfg = Debug|Any CPU
		{7A3B3648-30A3-4ACD-A83E-6354FA00EE76}.Debug|Any CPU.Build.0 = Debug|Any CPU
		{7A3B3648-30A3-4ACD-A83E-6354FA00EE76}.Release|Any CPU.ActiveCfg = Release|Any CPU
		{7A3B3648-30A3-4ACD-A83E-6354FA00EE76}.Release|Any CPU.Build.0 = Release|Any CPU
		{F3066725-02EB-46BA-9FC1-AECF5CA38379}.Debug|Any CPU.ActiveCfg = Debug|Any CPU
		{F3066725-02EB-46BA-9FC1-AECF5CA38379}.Debug|Any CPU.Build.0 = Debug|Any CPU
		{F3066725-02EB-46BA-9FC1-AECF5CA38379}.Release|Any CPU.ActiveCfg = Release|Any CPU
		{F3066725-02EB-46BA-9FC1-AECF5CA38379}.Release|Any CPU.Build.0 = Release|Any CPU
	EndGlobalSection
	GlobalSection(SolutionProperties) = preSolution
		HideSolutionNode = FALSE
	EndGlobalSection
	GlobalSection(NestedProjects) = preSolution
		{CAA643CD-52D1-47AE-AE4E-F9446719D9D4} = {6C847BE3-60C8-45FC-A363-E8B4831C41A4}
		{1B42AAF4-9A73-4D13-B2DC-5C04B8FEABF2} = {6C847BE3-60C8-45FC-A363-E8B4831C41A4}
		{6F29A777-68E0-4A1C-BA27-DEB5D5707A30} = {6C847BE3-60C8-45FC-A363-E8B4831C41A4}
		{9A34B8B9-89B7-4DCB-8814-2D0731128650} = {37F40B92-5E5C-469B-B67B-BC052D7F084A}
		{BD992095-3979-487C-B4E3-A97A264092FB} = {37F40B92-5E5C-469B-B67B-BC052D7F084A}
		{9B335F98-8CA2-4E4C-AE89-63E63DE6074E} = {614AD753-1D19-4DE1-8AE5-3ED63958402C}
		{7A3B3648-30A3-4ACD-A83E-6354FA00EE76} = {37F40B92-5E5C-469B-B67B-BC052D7F084A}
		{F3066725-02EB-46BA-9FC1-AECF5CA38379} = {6C847BE3-60C8-45FC-A363-E8B4831C41A4}
	EndGlobalSection
	GlobalSection(ExtensibilityGlobals) = postSolution
		SolutionGuid = {56A02CAC-EE2F-4916-9AB6-CBC1FE443702}
	EndGlobalSection
EndGlobal
